
Microsoft Visual Studio Solution File, Format Version 12.00
# Visual Studio 14
VisualStudioVersion = 14.0.25420.1
MinimumVisualStudioVersion = 10.0.40219.1
Project("{FAE04EC0-301F-11D3-BF4B-00C04F79EFBC}") = "MapperReflect", "MapperReflect\MapperReflect.csproj", "{909B939D-BB76-4D62-A83D-874D5A4F36C5}"
EndProject
Project("{FAE04EC0-301F-11D3-BF4B-00C04F79EFBC}") = "Tests", "Tests\Tests.csproj", "{F396D9F8-4923-4ABF-B77C-8A8506426EBF}"
EndProject
Global
	GlobalSection(SolutionConfigurationPlatforms) = preSolution
		Debug|Any CPU = Debug|Any CPU
		Release|Any CPU = Release|Any CPU
	EndGlobalSection
	GlobalSection(ProjectConfigurationPlatforms) = postSolution
		{909B939D-BB76-4D62-A83D-874D5A4F36C5}.Debug|Any CPU.ActiveCfg = Debug|Any CPU
		{909B939D-BB76-4D62-A83D-874D5A4F36C5}.Debug|Any CPU.Build.0 = Debug|Any CPU
		{909B939D-BB76-4D62-A83D-874D5A4F36C5}.Release|Any CPU.ActiveCfg = Release|Any CPU
		{909B939D-BB76-4D62-A83D-874D5A4F36C5}.Release|Any CPU.Build.0 = Release|Any CPU
		{F396D9F8-4923-4ABF-B77C-8A8506426EBF}.Debug|Any CPU.ActiveCfg = Debug|Any CPU
		{F396D9F8-4923-4ABF-B77C-8A8506426EBF}.Debug|Any CPU.Build.0 = Debug|Any CPU
		{F396D9F8-4923-4ABF-B77C-8A8506426EBF}.Release|Any CPU.ActiveCfg = Release|Any CPU
		{F396D9F8-4923-4ABF-B77C-8A8506426EBF}.Release|Any CPU.Build.0 = Release|Any CPU
	EndGlobalSection
	GlobalSection(SolutionProperties) = preSolution
		HideSolutionNode = FALSE
	EndGlobalSection
EndGlobal
